
Microsoft Visual Studio Solution File, Format Version 12.00
# Visual Studio Version 17
VisualStudioVersion = 17.0.32112.339
MinimumVisualStudioVersion = 10.0.40219.1
Project("{FAE04EC0-301F-11D3-BF4B-00C04F79EFBC}") = "tpRECEBE", "tpRECEBE\tpRECEBE.csproj", "{6144A8AC-FAA8-49C5-B8F7-7507973C0A33}"
EndProject
Global
	GlobalSection(SolutionConfigurationPlatforms) = preSolution
		Debug|Any CPU = Debug|Any CPU
		Release|Any CPU = Release|Any CPU
	EndGlobalSection
	GlobalSection(ProjectConfigurationPlatforms) = postSolution
		{6144A8AC-FAA8-49C5-B8F7-7507973C0A33}.Debug|Any CPU.ActiveCfg = Debug|Any CPU
		{6144A8AC-FAA8-49C5-B8F7-7507973C0A33}.Debug|Any CPU.Build.0 = Debug|Any CPU
		{6144A8AC-FAA8-49C5-B8F7-7507973C0A33}.Release|Any CPU.ActiveCfg = Release|Any CPU
		{6144A8AC-FAA8-49C5-B8F7-7507973C0A33}.Release|Any CPU.Build.0 = Release|Any CPU
	EndGlobalSection
	GlobalSection(SolutionProperties) = preSolution
		HideSolutionNode = FALSE
	EndGlobalSection
	GlobalSection(ExtensibilityGlobals) = postSolution
		SolutionGuid = {A51FE8A4-04FD-4135-9AC4-A62D1AB87D16}
	EndGlobalSection
EndGlobal
