
Microsoft Visual Studio Solution File, Format Version 12.00
# Visual Studio Version 17
VisualStudioVersion = 17.11.35222.181
MinimumVisualStudioVersion = 10.0.40219.1
Project("{FAE04EC0-301F-11D3-BF4B-00C04F79EFBC}") = "teste", "teste\teste.csproj", "{D9993393-8E8F-4775-B59D-3D31CC96BC17}"
EndProject
Global
	GlobalSection(SolutionConfigurationPlatforms) = preSolution
		Debug|Any CPU = Debug|Any CPU
		Release|Any CPU = Release|Any CPU
	EndGlobalSection
	GlobalSection(ProjectConfigurationPlatforms) = postSolution
		{D9993393-8E8F-4775-B59D-3D31CC96BC17}.Debug|Any CPU.ActiveCfg = Debug|Any CPU
		{D9993393-8E8F-4775-B59D-3D31CC96BC17}.Debug|Any CPU.Build.0 = Debug|Any CPU
		{D9993393-8E8F-4775-B59D-3D31CC96BC17}.Release|Any CPU.ActiveCfg = Release|Any CPU
		{D9993393-8E8F-4775-B59D-3D31CC96BC17}.Release|Any CPU.Build.0 = Release|Any CPU
	EndGlobalSection
	GlobalSection(SolutionProperties) = preSolution
		HideSolutionNode = FALSE
	EndGlobalSection
	GlobalSection(ExtensibilityGlobals) = postSolution
		SolutionGuid = {5B7CFE89-615F-4736-9E71-C0350F4A764C}
	EndGlobalSection
EndGlobal
